
Microsoft Visual Studio Solution File, Format Version 12.00
# Visual Studio Version 17
VisualStudioVersion = 17.13.35931.197
MinimumVisualStudioVersion = 10.0.40219.1
Project("{FAE04EC0-301F-11D3-BF4B-00C04F79EFBC}") = "SkillForge", "SkillForge.csproj", "{1C1CA252-C3E0-4AA6-AE5E-B941E8EBA3F3}"
EndProject
Project("{FAE04EC0-301F-11D3-BF4B-00C04F79EFBC}") = "ODataWebApi4", "..\ODataWebApi4\ODataWebApi4.csproj", "{99E2839A-1CEC-027E-3FB6-ED1F6C15EB51}"
EndProject
Global
	GlobalSection(SolutionConfigurationPlatforms) = preSolution
		Debug|Any CPU = Debug|Any CPU
		Release|Any CPU = Release|Any CPU
	EndGlobalSection
	GlobalSection(ProjectConfigurationPlatforms) = postSolution
		{1C1CA252-C3E0-4AA6-AE5E-B941E8EBA3F3}.Debug|Any CPU.ActiveCfg = Debug|Any CPU
		{1C1CA252-C3E0-4AA6-AE5E-B941E8EBA3F3}.Debug|Any CPU.Build.0 = Debug|Any CPU
		{1C1CA252-C3E0-4AA6-AE5E-B941E8EBA3F3}.Release|Any CPU.ActiveCfg = Release|Any CPU
		{1C1CA252-C3E0-4AA6-AE5E-B941E8EBA3F3}.Release|Any CPU.Build.0 = Release|Any CPU
		{99E2839A-1CEC-027E-3FB6-ED1F6C15EB51}.Debug|Any CPU.ActiveCfg = Debug|Any CPU
		{99E2839A-1CEC-027E-3FB6-ED1F6C15EB51}.Debug|Any CPU.Build.0 = Debug|Any CPU
		{99E2839A-1CEC-027E-3FB6-ED1F6C15EB51}.Release|Any CPU.ActiveCfg = Release|Any CPU
		{99E2839A-1CEC-027E-3FB6-ED1F6C15EB51}.Release|Any CPU.Build.0 = Release|Any CPU
	EndGlobalSection
	GlobalSection(SolutionProperties) = preSolution
		HideSolutionNode = FALSE
	EndGlobalSection
	GlobalSection(ExtensibilityGlobals) = postSolution
		SolutionGuid = {B36F1C2D-3C65-4FD6-88D9-3F6D853D5C05}
	EndGlobalSection
EndGlobal
